
Microsoft Visual Studio Solution File, Format Version 12.00
# Visual Studio Version 17
VisualStudioVersion = 17.7.34009.444
MinimumVisualStudioVersion = 10.0.40219.1
Project("{FAE04EC0-301F-11D3-BF4B-00C04F79EFBC}") = "FavoriteColorAndNumber", "FavoriteColorAndNumber.csproj", "{61146717-E58F-4A4C-81C1-FC6DBC050DA2}"
EndProject
Global
	GlobalSection(SolutionConfigurationPlatforms) = preSolution
		Debug|Any CPU = Debug|Any CPU
		Release|Any CPU = Release|Any CPU
	EndGlobalSection
	GlobalSection(ProjectConfigurationPlatforms) = postSolution
		{61146717-E58F-4A4C-81C1-FC6DBC050DA2}.Debug|Any CPU.ActiveCfg = Debug|Any CPU
		{61146717-E58F-4A4C-81C1-FC6DBC050DA2}.Debug|Any CPU.Build.0 = Debug|Any CPU
		{61146717-E58F-4A4C-81C1-FC6DBC050DA2}.Release|Any CPU.ActiveCfg = Release|Any CPU
		{61146717-E58F-4A4C-81C1-FC6DBC050DA2}.Release|Any CPU.Build.0 = Release|Any CPU
	EndGlobalSection
	GlobalSection(SolutionProperties) = preSolution
		HideSolutionNode = FALSE
	EndGlobalSection
	GlobalSection(ExtensibilityGlobals) = postSolution
		SolutionGuid = {D893157A-737D-4BA0-96C0-EF48136092F6}
	EndGlobalSection
EndGlobal
