
Microsoft Visual Studio Solution File, Format Version 12.00
# Visual Studio Version 17
VisualStudioVersion = 17.7.34009.444
MinimumVisualStudioVersion = 10.0.40219.1
Project("{FAE04EC0-301F-11D3-BF4B-00C04F79EFBC}") = "FinalUTQ6", "FinalUTQ6.csproj", "{92D8A382-E4E0-4866-9270-654E3BC841B2}"
EndProject
Global
	GlobalSection(SolutionConfigurationPlatforms) = preSolution
		Debug|Any CPU = Debug|Any CPU
		Release|Any CPU = Release|Any CPU
	EndGlobalSection
	GlobalSection(ProjectConfigurationPlatforms) = postSolution
		{92D8A382-E4E0-4866-9270-654E3BC841B2}.Debug|Any CPU.ActiveCfg = Debug|Any CPU
		{92D8A382-E4E0-4866-9270-654E3BC841B2}.Debug|Any CPU.Build.0 = Debug|Any CPU
		{92D8A382-E4E0-4866-9270-654E3BC841B2}.Release|Any CPU.ActiveCfg = Release|Any CPU
		{92D8A382-E4E0-4866-9270-654E3BC841B2}.Release|Any CPU.Build.0 = Release|Any CPU
	EndGlobalSection
	GlobalSection(SolutionProperties) = preSolution
		HideSolutionNode = FALSE
	EndGlobalSection
	GlobalSection(ExtensibilityGlobals) = postSolution
		SolutionGuid = {C37222E2-6284-4B92-996B-1DDEAEBB4BE7}
	EndGlobalSection
EndGlobal
