
Microsoft Visual Studio Solution File, Format Version 12.00
# Visual Studio Version 17
VisualStudioVersion = 17.7.34009.444
MinimumVisualStudioVersion = 10.0.40219.1
Project("{FAE04EC0-301F-11D3-BF4B-00C04F79EFBC}") = "FinalUTQ1", "FinalUTQ1.csproj", "{F491BFA4-7E3B-4804-BAD5-9C6E60C6752A}"
EndProject
Global
	GlobalSection(SolutionConfigurationPlatforms) = preSolution
		Debug|Any CPU = Debug|Any CPU
		Release|Any CPU = Release|Any CPU
	EndGlobalSection
	GlobalSection(ProjectConfigurationPlatforms) = postSolution
		{F491BFA4-7E3B-4804-BAD5-9C6E60C6752A}.Debug|Any CPU.ActiveCfg = Debug|Any CPU
		{F491BFA4-7E3B-4804-BAD5-9C6E60C6752A}.Debug|Any CPU.Build.0 = Debug|Any CPU
		{F491BFA4-7E3B-4804-BAD5-9C6E60C6752A}.Release|Any CPU.ActiveCfg = Release|Any CPU
		{F491BFA4-7E3B-4804-BAD5-9C6E60C6752A}.Release|Any CPU.Build.0 = Release|Any CPU
	EndGlobalSection
	GlobalSection(SolutionProperties) = preSolution
		HideSolutionNode = FALSE
	EndGlobalSection
	GlobalSection(ExtensibilityGlobals) = postSolution
		SolutionGuid = {6E405C14-5FA2-4B66-9951-71F84AB6EF31}
	EndGlobalSection
EndGlobal
