
Microsoft Visual Studio Solution File, Format Version 12.00
# Visual Studio Version 17
VisualStudioVersion = 17.7.34009.444
MinimumVisualStudioVersion = 10.0.40219.1
Project("{FAE04EC0-301F-11D3-BF4B-00C04F79EFBC}") = "PE8_Q8", "PE8_Q8.csproj", "{BBCBE3E1-5377-4852-A64B-6DE88F991B43}"
EndProject
Global
	GlobalSection(SolutionConfigurationPlatforms) = preSolution
		Debug|Any CPU = Debug|Any CPU
		Release|Any CPU = Release|Any CPU
	EndGlobalSection
	GlobalSection(ProjectConfigurationPlatforms) = postSolution
		{BBCBE3E1-5377-4852-A64B-6DE88F991B43}.Debug|Any CPU.ActiveCfg = Debug|Any CPU
		{BBCBE3E1-5377-4852-A64B-6DE88F991B43}.Debug|Any CPU.Build.0 = Debug|Any CPU
		{BBCBE3E1-5377-4852-A64B-6DE88F991B43}.Release|Any CPU.ActiveCfg = Release|Any CPU
		{BBCBE3E1-5377-4852-A64B-6DE88F991B43}.Release|Any CPU.Build.0 = Release|Any CPU
	EndGlobalSection
	GlobalSection(SolutionProperties) = preSolution
		HideSolutionNode = FALSE
	EndGlobalSection
	GlobalSection(ExtensibilityGlobals) = postSolution
		SolutionGuid = {AEF998EE-8F63-4C30-A053-50E2555F395C}
	EndGlobalSection
EndGlobal
