
Microsoft Visual Studio Solution File, Format Version 12.00
# Visual Studio Version 17
VisualStudioVersion = 17.7.34009.444
MinimumVisualStudioVersion = 10.0.40219.1
Project("{FAE04EC0-301F-11D3-BF4B-00C04F79EFBC}") = "PE8_Q9", "PE8_Q9.csproj", "{CF612BEF-7838-4FFE-BAC3-AA3EB2DF7747}"
EndProject
Global
	GlobalSection(SolutionConfigurationPlatforms) = preSolution
		Debug|Any CPU = Debug|Any CPU
		Release|Any CPU = Release|Any CPU
	EndGlobalSection
	GlobalSection(ProjectConfigurationPlatforms) = postSolution
		{CF612BEF-7838-4FFE-BAC3-AA3EB2DF7747}.Debug|Any CPU.ActiveCfg = Debug|Any CPU
		{CF612BEF-7838-4FFE-BAC3-AA3EB2DF7747}.Debug|Any CPU.Build.0 = Debug|Any CPU
		{CF612BEF-7838-4FFE-BAC3-AA3EB2DF7747}.Release|Any CPU.ActiveCfg = Release|Any CPU
		{CF612BEF-7838-4FFE-BAC3-AA3EB2DF7747}.Release|Any CPU.Build.0 = Release|Any CPU
	EndGlobalSection
	GlobalSection(SolutionProperties) = preSolution
		HideSolutionNode = FALSE
	EndGlobalSection
	GlobalSection(ExtensibilityGlobals) = postSolution
		SolutionGuid = {CDD8B767-9FF5-4E03-B726-7BE5D9226CA1}
	EndGlobalSection
EndGlobal
