
Microsoft Visual Studio Solution File, Format Version 12.00
# Visual Studio Version 17
VisualStudioVersion = 17.7.34009.444
MinimumVisualStudioVersion = 10.0.40219.1
Project("{FAE04EC0-301F-11D3-BF4B-00C04F79EFBC}") = "GifFinder", "GifFinder.csproj", "{19711084-F9BD-4072-9EEE-A8D61DAC853A}"
EndProject
Global
	GlobalSection(SolutionConfigurationPlatforms) = preSolution
		Debug|Any CPU = Debug|Any CPU
		Release|Any CPU = Release|Any CPU
	EndGlobalSection
	GlobalSection(ProjectConfigurationPlatforms) = postSolution
		{19711084-F9BD-4072-9EEE-A8D61DAC853A}.Debug|Any CPU.ActiveCfg = Debug|Any CPU
		{19711084-F9BD-4072-9EEE-A8D61DAC853A}.Debug|Any CPU.Build.0 = Debug|Any CPU
		{19711084-F9BD-4072-9EEE-A8D61DAC853A}.Release|Any CPU.ActiveCfg = Release|Any CPU
		{19711084-F9BD-4072-9EEE-A8D61DAC853A}.Release|Any CPU.Build.0 = Release|Any CPU
	EndGlobalSection
	GlobalSection(SolutionProperties) = preSolution
		HideSolutionNode = FALSE
	EndGlobalSection
	GlobalSection(ExtensibilityGlobals) = postSolution
		SolutionGuid = {EC3831A2-15FF-4D34-9F94-FED01620080B}
	EndGlobalSection
EndGlobal
