
Microsoft Visual Studio Solution File, Format Version 12.00
# Visual Studio Version 17
VisualStudioVersion = 17.7.34009.444
MinimumVisualStudioVersion = 10.0.40219.1
Project("{FAE04EC0-301F-11D3-BF4B-00C04F79EFBC}") = "PE17", "PE17.csproj", "{530908BC-DEFD-4E36-ACFE-507B40942DDA}"
EndProject
Global
	GlobalSection(SolutionConfigurationPlatforms) = preSolution
		Debug|Any CPU = Debug|Any CPU
		Release|Any CPU = Release|Any CPU
	EndGlobalSection
	GlobalSection(ProjectConfigurationPlatforms) = postSolution
		{530908BC-DEFD-4E36-ACFE-507B40942DDA}.Debug|Any CPU.ActiveCfg = Debug|Any CPU
		{530908BC-DEFD-4E36-ACFE-507B40942DDA}.Debug|Any CPU.Build.0 = Debug|Any CPU
		{530908BC-DEFD-4E36-ACFE-507B40942DDA}.Release|Any CPU.ActiveCfg = Release|Any CPU
		{530908BC-DEFD-4E36-ACFE-507B40942DDA}.Release|Any CPU.Build.0 = Release|Any CPU
	EndGlobalSection
	GlobalSection(SolutionProperties) = preSolution
		HideSolutionNode = FALSE
	EndGlobalSection
	GlobalSection(ExtensibilityGlobals) = postSolution
		SolutionGuid = {14D5C386-A996-484B-985A-7B342B0FECCE}
	EndGlobalSection
EndGlobal
