
Microsoft Visual Studio Solution File, Format Version 12.00
# Visual Studio Version 17
VisualStudioVersion = 17.7.34009.444
MinimumVisualStudioVersion = 10.0.40219.1
Project("{FAE04EC0-301F-11D3-BF4B-00C04F79EFBC}") = "PE14Q3", "PE14Q3.csproj", "{7A9A5550-0B7F-44AB-8D11-227CAFD5025E}"
EndProject
Global
	GlobalSection(SolutionConfigurationPlatforms) = preSolution
		Debug|Any CPU = Debug|Any CPU
		Release|Any CPU = Release|Any CPU
	EndGlobalSection
	GlobalSection(ProjectConfigurationPlatforms) = postSolution
		{7A9A5550-0B7F-44AB-8D11-227CAFD5025E}.Debug|Any CPU.ActiveCfg = Debug|Any CPU
		{7A9A5550-0B7F-44AB-8D11-227CAFD5025E}.Debug|Any CPU.Build.0 = Debug|Any CPU
		{7A9A5550-0B7F-44AB-8D11-227CAFD5025E}.Release|Any CPU.ActiveCfg = Release|Any CPU
		{7A9A5550-0B7F-44AB-8D11-227CAFD5025E}.Release|Any CPU.Build.0 = Release|Any CPU
	EndGlobalSection
	GlobalSection(SolutionProperties) = preSolution
		HideSolutionNode = FALSE
	EndGlobalSection
	GlobalSection(ExtensibilityGlobals) = postSolution
		SolutionGuid = {3F016AE2-07DB-44EB-AB5B-2097D24FB116}
	EndGlobalSection
EndGlobal
