
Microsoft Visual Studio Solution File, Format Version 12.00
# Visual Studio Version 17
VisualStudioVersion = 17.7.34009.444
MinimumVisualStudioVersion = 10.0.40219.1
Project("{FAE04EC0-301F-11D3-BF4B-00C04F79EFBC}") = "UT1_Q2", "UT1_Q2.csproj", "{079D6DAD-2251-4D46-8D42-E81A43BD77CF}"
EndProject
Global
	GlobalSection(SolutionConfigurationPlatforms) = preSolution
		Debug|Any CPU = Debug|Any CPU
		Release|Any CPU = Release|Any CPU
	EndGlobalSection
	GlobalSection(ProjectConfigurationPlatforms) = postSolution
		{079D6DAD-2251-4D46-8D42-E81A43BD77CF}.Debug|Any CPU.ActiveCfg = Debug|Any CPU
		{079D6DAD-2251-4D46-8D42-E81A43BD77CF}.Debug|Any CPU.Build.0 = Debug|Any CPU
		{079D6DAD-2251-4D46-8D42-E81A43BD77CF}.Release|Any CPU.ActiveCfg = Release|Any CPU
		{079D6DAD-2251-4D46-8D42-E81A43BD77CF}.Release|Any CPU.Build.0 = Release|Any CPU
	EndGlobalSection
	GlobalSection(SolutionProperties) = preSolution
		HideSolutionNode = FALSE
	EndGlobalSection
	GlobalSection(ExtensibilityGlobals) = postSolution
		SolutionGuid = {1D10C182-9BA0-4A9E-A5CB-8CF0799D6323}
	EndGlobalSection
EndGlobal
