
Microsoft Visual Studio Solution File, Format Version 12.00
# Visual Studio Version 17
VisualStudioVersion = 17.7.34009.444
MinimumVisualStudioVersion = 10.0.40219.1
Project("{FAE04EC0-301F-11D3-BF4B-00C04F79EFBC}") = "MathQuiz", "MathQuiz.csproj", "{29C4F1EB-C813-4E3B-88A6-04E69D87D761}"
EndProject
Global
	GlobalSection(SolutionConfigurationPlatforms) = preSolution
		Debug|Any CPU = Debug|Any CPU
		Release|Any CPU = Release|Any CPU
	EndGlobalSection
	GlobalSection(ProjectConfigurationPlatforms) = postSolution
		{29C4F1EB-C813-4E3B-88A6-04E69D87D761}.Debug|Any CPU.ActiveCfg = Debug|Any CPU
		{29C4F1EB-C813-4E3B-88A6-04E69D87D761}.Debug|Any CPU.Build.0 = Debug|Any CPU
		{29C4F1EB-C813-4E3B-88A6-04E69D87D761}.Release|Any CPU.ActiveCfg = Release|Any CPU
		{29C4F1EB-C813-4E3B-88A6-04E69D87D761}.Release|Any CPU.Build.0 = Release|Any CPU
	EndGlobalSection
	GlobalSection(SolutionProperties) = preSolution
		HideSolutionNode = FALSE
	EndGlobalSection
	GlobalSection(ExtensibilityGlobals) = postSolution
		SolutionGuid = {68D6CB35-BD4E-4DBD-80AC-00F546B14168}
	EndGlobalSection
EndGlobal
